
Microsoft Visual Studio Solution File, Format Version 12.00
# Visual Studio Version 16
VisualStudioVersion = 16.0.33801.447
MinimumVisualStudioVersion = 10.0.40219.1
Project("{FAE04EC0-301F-11D3-BF4B-00C04F79EFBC}") = "PW2Prova", "PW2Prova\PW2Prova.csproj", "{B16AE6D8-315A-4200-BFC6-51E9EB996743}"
EndProject
Global
	GlobalSection(SolutionConfigurationPlatforms) = preSolution
		Debug|Any CPU = Debug|Any CPU
		Release|Any CPU = Release|Any CPU
	EndGlobalSection
	GlobalSection(ProjectConfigurationPlatforms) = postSolution
		{B16AE6D8-315A-4200-BFC6-51E9EB996743}.Debug|Any CPU.ActiveCfg = Debug|Any CPU
		{B16AE6D8-315A-4200-BFC6-51E9EB996743}.Debug|Any CPU.Build.0 = Debug|Any CPU
		{B16AE6D8-315A-4200-BFC6-51E9EB996743}.Release|Any CPU.ActiveCfg = Release|Any CPU
		{B16AE6D8-315A-4200-BFC6-51E9EB996743}.Release|Any CPU.Build.0 = Release|Any CPU
	EndGlobalSection
	GlobalSection(SolutionProperties) = preSolution
		HideSolutionNode = FALSE
	EndGlobalSection
	GlobalSection(ExtensibilityGlobals) = postSolution
		SolutionGuid = {5E768EF5-1F0A-4902-B729-D77097D21608}
	EndGlobalSection
EndGlobal
